
Microsoft Visual Studio Solution File, Format Version 12.00
# Visual Studio Version 16
VisualStudioVersion = 16.0.31019.35
MinimumVisualStudioVersion = 10.0.40219.1
Project("{9A19103F-16F7-4668-BE54-9A1E7A4F7556}") = "StockInventoryApi", "StockInventoryApi.csproj", "{C814E45F-4E57-43A7-8D0F-644A675D7B6B}"
EndProject
Project("{9A19103F-16F7-4668-BE54-9A1E7A4F7556}") = "InventoryLibrary", "..\InventoryLibrary\InventoryLibrary.csproj", "{B3F874C0-B91E-4318-A01B-B9CE33B78F0C}"
EndProject
Project("{9A19103F-16F7-4668-BE54-9A1E7A4F7556}") = "EmailService", "..\EmailService\EmailService.csproj", "{E45675C8-DC40-463B-8F27-482AE868FEBF}"
EndProject
Global
	GlobalSection(SolutionConfigurationPlatforms) = preSolution
		Debug|Any CPU = Debug|Any CPU
		Release|Any CPU = Release|Any CPU
	EndGlobalSection
	GlobalSection(ProjectConfigurationPlatforms) = postSolution
		{C814E45F-4E57-43A7-8D0F-644A675D7B6B}.Debug|Any CPU.ActiveCfg = Debug|Any CPU
		{C814E45F-4E57-43A7-8D0F-644A675D7B6B}.Debug|Any CPU.Build.0 = Debug|Any CPU
		{C814E45F-4E57-43A7-8D0F-644A675D7B6B}.Release|Any CPU.ActiveCfg = Release|Any CPU
		{C814E45F-4E57-43A7-8D0F-644A675D7B6B}.Release|Any CPU.Build.0 = Release|Any CPU
		{B3F874C0-B91E-4318-A01B-B9CE33B78F0C}.Debug|Any CPU.ActiveCfg = Debug|Any CPU
		{B3F874C0-B91E-4318-A01B-B9CE33B78F0C}.Debug|Any CPU.Build.0 = Debug|Any CPU
		{B3F874C0-B91E-4318-A01B-B9CE33B78F0C}.Release|Any CPU.ActiveCfg = Release|Any CPU
		{B3F874C0-B91E-4318-A01B-B9CE33B78F0C}.Release|Any CPU.Build.0 = Release|Any CPU
		{E45675C8-DC40-463B-8F27-482AE868FEBF}.Debug|Any CPU.ActiveCfg = Debug|Any CPU
		{E45675C8-DC40-463B-8F27-482AE868FEBF}.Debug|Any CPU.Build.0 = Debug|Any CPU
		{E45675C8-DC40-463B-8F27-482AE868FEBF}.Release|Any CPU.ActiveCfg = Release|Any CPU
		{E45675C8-DC40-463B-8F27-482AE868FEBF}.Release|Any CPU.Build.0 = Release|Any CPU
	EndGlobalSection
	GlobalSection(SolutionProperties) = preSolution
		HideSolutionNode = FALSE
	EndGlobalSection
	GlobalSection(ExtensibilityGlobals) = postSolution
		SolutionGuid = {3C94FDE3-1098-44F5-B162-D488062BBBA3}
	EndGlobalSection
EndGlobal
